// !$*UTF8*$!
{
	archiveVersion = 1;
	classes = {
	};
	objectVersion = 46;
	objects = {

/* Begin PBXBuildFile section */
		164311FB1AB1415900DFEA7D /* AsyncUdpSocketController.m in Sources */ = {isa = PBXBuildFile; fileRef = 164311FA1AB1415900DFEA7D /* AsyncUdpSocketController.m */; };
		164311FF1AB2EA0800DFEA7D /* CoreDataAdaptor.m in Sources */ = {isa = PBXBuildFile; fileRef = 164311FE1AB2EA0800DFEA7D /* CoreDataAdaptor.m */; };
		164312031AB2F10200DFEA7D /* SocketDataConverter.m in Sources */ = {isa = PBXBuildFile; fileRef = 164312021AB2F10200DFEA7D /* SocketDataConverter.m */; };
		164312061AB5615000DFEA7D /* UIControl+IndexPath.m in Sources */ = {isa = PBXBuildFile; fileRef = 164312051AB5615000DFEA7D /* UIControl+IndexPath.m */; };
		164312091AB56CE000DFEA7D /* CoreDataModel.xcdatamodeld in Sources */ = {isa = PBXBuildFile; fileRef = 164312071AB56CE000DFEA7D /* CoreDataModel.xcdatamodeld */; };
		1643120C1AB571B100DFEA7D /* OperationLog.m in Sources */ = {isa = PBXBuildFile; fileRef = 1643120B1AB571B100DFEA7D /* OperationLog.m */; };
		1643120F1AB571B200DFEA7D /* RemoteDevice.m in Sources */ = {isa = PBXBuildFile; fileRef = 1643120E1AB571B200DFEA7D /* RemoteDevice.m */; };
		164312121AB591CD00DFEA7D /* DeviceDetailViewController.m in Sources */ = {isa = PBXBuildFile; fileRef = 164312111AB591CD00DFEA7D /* DeviceDetailViewController.m */; };
		164312161AB67DA000DFEA7D /* SwitchCell.m in Sources */ = {isa = PBXBuildFile; fileRef = 164312151AB67DA000DFEA7D /* SwitchCell.m */; };
		164312191AB6BB6700DFEA7D /* CoreDateTypeUtility.m in Sources */ = {isa = PBXBuildFile; fileRef = 164312181AB6BB6700DFEA7D /* CoreDateTypeUtility.m */; };
		1683C30F1AAADE9300C139CF /* main.m in Sources */ = {isa = PBXBuildFile; fileRef = 1683C30E1AAADE9300C139CF /* main.m */; };
		1683C3121AAADE9300C139CF /* AppDelegate.m in Sources */ = {isa = PBXBuildFile; fileRef = 1683C3111AAADE9300C139CF /* AppDelegate.m */; };
		1683C3151AAADE9300C139CF /* MasterViewController.m in Sources */ = {isa = PBXBuildFile; fileRef = 1683C3141AAADE9300C139CF /* MasterViewController.m */; };
		1683C3181AAADE9300C139CF /* DetailViewController.m in Sources */ = {isa = PBXBuildFile; fileRef = 1683C3171AAADE9300C139CF /* DetailViewController.m */; };
		1683C31B1AAADE9300C139CF /* Main.storyboard in Resources */ = {isa = PBXBuildFile; fileRef = 1683C3191AAADE9300C139CF /* Main.storyboard */; };
		1683C31D1AAADE9300C139CF /* Images.xcassets in Resources */ = {isa = PBXBuildFile; fileRef = 1683C31C1AAADE9300C139CF /* Images.xcassets */; };
		1683C3201AAADE9300C139CF /* LaunchScreen.xib in Resources */ = {isa = PBXBuildFile; fileRef = 1683C31E1AAADE9300C139CF /* LaunchScreen.xib */; };
		1683C32C1AAADE9300C139CF /* DeviceManagerPadTests.m in Sources */ = {isa = PBXBuildFile; fileRef = 1683C32B1AAADE9300C139CF /* DeviceManagerPadTests.m */; };
		1683C33A1AAADF7E00C139CF /* TestViewController.m in Sources */ = {isa = PBXBuildFile; fileRef = 1683C3391AAADF7E00C139CF /* TestViewController.m */; };
		1683C33F1AAC49D900C139CF /* StartViewController.m in Sources */ = {isa = PBXBuildFile; fileRef = 1683C33E1AAC49D900C139CF /* StartViewController.m */; };
		1683C3421AAC49FC00C139CF /* SwitchTableViewController.m in Sources */ = {isa = PBXBuildFile; fileRef = 1683C3411AAC49FC00C139CF /* SwitchTableViewController.m */; };
		1683C3591AAC503E00C139CF /* AFHTTPRequestOperation.m in Sources */ = {isa = PBXBuildFile; fileRef = 1683C3471AAC503E00C139CF /* AFHTTPRequestOperation.m */; };
		1683C35A1AAC503E00C139CF /* AFHTTPRequestOperationManager.m in Sources */ = {isa = PBXBuildFile; fileRef = 1683C3491AAC503E00C139CF /* AFHTTPRequestOperationManager.m */; };
		1683C35B1AAC503E00C139CF /* AFHTTPSessionManager.m in Sources */ = {isa = PBXBuildFile; fileRef = 1683C34B1AAC503E00C139CF /* AFHTTPSessionManager.m */; };
		1683C35C1AAC503E00C139CF /* AFNetworkReachabilityManager.m in Sources */ = {isa = PBXBuildFile; fileRef = 1683C34E1AAC503E00C139CF /* AFNetworkReachabilityManager.m */; };
		1683C35D1AAC503E00C139CF /* AFSecurityPolicy.m in Sources */ = {isa = PBXBuildFile; fileRef = 1683C3501AAC503E00C139CF /* AFSecurityPolicy.m */; };
		1683C35E1AAC503E00C139CF /* AFURLConnectionOperation.m in Sources */ = {isa = PBXBuildFile; fileRef = 1683C3521AAC503E00C139CF /* AFURLConnectionOperation.m */; };
		1683C35F1AAC503E00C139CF /* AFURLRequestSerialization.m in Sources */ = {isa = PBXBuildFile; fileRef = 1683C3541AAC503E00C139CF /* AFURLRequestSerialization.m */; };
		1683C3601AAC503E00C139CF /* AFURLResponseSerialization.m in Sources */ = {isa = PBXBuildFile; fileRef = 1683C3561AAC503E00C139CF /* AFURLResponseSerialization.m */; };
		1683C3611AAC503E00C139CF /* AFURLSessionManager.m in Sources */ = {isa = PBXBuildFile; fileRef = 1683C3581AAC503E00C139CF /* AFURLSessionManager.m */; };
		1683C3691AAC575D00C139CF /* DataResult.m in Sources */ = {isa = PBXBuildFile; fileRef = 1683C3681AAC575D00C139CF /* DataResult.m */; };
		1683C3841AAC836400C139CF /* LoginViewController.m in Sources */ = {isa = PBXBuildFile; fileRef = 1683C3831AAC836400C139CF /* LoginViewController.m */; };
		1683C38C1AAD87F200C139CF /* GCDAsyncSocket.m in Sources */ = {isa = PBXBuildFile; fileRef = 1683C3891AAD87F200C139CF /* GCDAsyncSocket.m */; };
		1683C38D1AAD87F200C139CF /* GCDAsyncUdpSocket.m in Sources */ = {isa = PBXBuildFile; fileRef = 1683C38B1AAD87F200C139CF /* GCDAsyncUdpSocket.m */; };
		16AE83C61AB7D0A800F3FE63 /* MainCommandControl.m in Sources */ = {isa = PBXBuildFile; fileRef = 16AE83C51AB7D0A800F3FE63 /* MainCommandControl.m */; };
		16AE83C91AB7D0BF00F3FE63 /* ClusterCommandControl.m in Sources */ = {isa = PBXBuildFile; fileRef = 16AE83C81AB7D0BF00F3FE63 /* ClusterCommandControl.m */; };
		16AE83CC1AB7D0D700F3FE63 /* SoftwareCommandControl.m in Sources */ = {isa = PBXBuildFile; fileRef = 16AE83CB1AB7D0D700F3FE63 /* SoftwareCommandControl.m */; };
		16AE83CF1AB7D1BB00F3FE63 /* ProjectionCommandControl.m in Sources */ = {isa = PBXBuildFile; fileRef = 16AE83CE1AB7D1BB00F3FE63 /* ProjectionCommandControl.m */; };
		16AE83D21AB7D23400F3FE63 /* StereoCommandControl.m in Sources */ = {isa = PBXBuildFile; fileRef = 16AE83D11AB7D23400F3FE63 /* StereoCommandControl.m */; };
		16AE83D51AB83CF600F3FE63 /* OperationLogVIewController.m in Sources */ = {isa = PBXBuildFile; fileRef = 16AE83D41AB83CF600F3FE63 /* OperationLogVIewController.m */; };
		16AE83D81AB9A12E00F3FE63 /* StereoViewController.m in Sources */ = {isa = PBXBuildFile; fileRef = 16AE83D71AB9A12E00F3FE63 /* StereoViewController.m */; };
		16B5E20D1ABD5C9300D098B3 /* SwitchSocketSettingController.m in Sources */ = {isa = PBXBuildFile; fileRef = 16B5E20C1ABD5C9300D098B3 /* SwitchSocketSettingController.m */; };
		16B5E2101ABD602600D098B3 /* FakeSocketFactory.m in Sources */ = {isa = PBXBuildFile; fileRef = 16B5E20F1ABD602600D098B3 /* FakeSocketFactory.m */; };
/* End PBXBuildFile section */

/* Begin PBXContainerItemProxy section */
		1683C3261AAADE9300C139CF /* PBXContainerItemProxy */ = {
			isa = PBXContainerItemProxy;
			containerPortal = 1683C3011AAADE9300C139CF /* Project object */;
			proxyType = 1;
			remoteGlobalIDString = 1683C3081AAADE9300C139CF;
			remoteInfo = DeviceManagerPad;
		};
/* End PBXContainerItemProxy section */

/* Begin PBXFileReference section */
		164311F91AB1415900DFEA7D /* AsyncUdpSocketController.h */ = {isa = PBXFileReference; fileEncoding = 4; lastKnownFileType = sourcecode.c.h; name = AsyncUdpSocketController.h; path = Util/GCDSocket/AsyncUdpSocketController.h; sourceTree = "<group>"; };
		164311FA1AB1415900DFEA7D /* AsyncUdpSocketController.m */ = {isa = PBXFileReference; fileEncoding = 4; lastKnownFileType = sourcecode.c.objc; name = AsyncUdpSocketController.m; path = Util/GCDSocket/AsyncUdpSocketController.m; sourceTree = "<group>"; };
		164311FD1AB2EA0800DFEA7D /* CoreDataAdaptor.h */ = {isa = PBXFileReference; fileEncoding = 4; lastKnownFileType = sourcecode.c.h; name = CoreDataAdaptor.h; path = Model/DB/CoreDataAdaptor.h; sourceTree = "<group>"; };
		164311FE1AB2EA0800DFEA7D /* CoreDataAdaptor.m */ = {isa = PBXFileReference; fileEncoding = 4; lastKnownFileType = sourcecode.c.objc; name = CoreDataAdaptor.m; path = Model/DB/CoreDataAdaptor.m; sourceTree = "<group>"; };
		164312011AB2F10200DFEA7D /* SocketDataConverter.h */ = {isa = PBXFileReference; fileEncoding = 4; lastKnownFileType = sourcecode.c.h; name = SocketDataConverter.h; path = Util/GCDSocket/SocketDataConverter.h; sourceTree = "<group>"; };
		164312021AB2F10200DFEA7D /* SocketDataConverter.m */ = {isa = PBXFileReference; fileEncoding = 4; lastKnownFileType = sourcecode.c.objc; name = SocketDataConverter.m; path = Util/GCDSocket/SocketDataConverter.m; sourceTree = "<group>"; };
		164312041AB5615000DFEA7D /* UIControl+IndexPath.h */ = {isa = PBXFileReference; fileEncoding = 4; lastKnownFileType = sourcecode.c.h; name = "UIControl+IndexPath.h"; path = "UIView/UIControl+IndexPath.h"; sourceTree = "<group>"; };
		164312051AB5615000DFEA7D /* UIControl+IndexPath.m */ = {isa = PBXFileReference; fileEncoding = 4; lastKnownFileType = sourcecode.c.objc; name = "UIControl+IndexPath.m"; path = "UIView/UIControl+IndexPath.m"; sourceTree = "<group>"; };
		164312081AB56CE000DFEA7D /* CoreDataModel.xcdatamodel */ = {isa = PBXFileReference; lastKnownFileType = wrapper.xcdatamodel; path = CoreDataModel.xcdatamodel; sourceTree = "<group>"; };
		1643120A1AB571B100DFEA7D /* OperationLog.h */ = {isa = PBXFileReference; fileEncoding = 4; lastKnownFileType = sourcecode.c.h; name = OperationLog.h; path = Model/DB/OperationLog.h; sourceTree = "<group>"; };
		1643120B1AB571B100DFEA7D /* OperationLog.m */ = {isa = PBXFileReference; fileEncoding = 4; lastKnownFileType = sourcecode.c.objc; name = OperationLog.m; path = Model/DB/OperationLog.m; sourceTree = "<group>"; };
		1643120D1AB571B200DFEA7D /* RemoteDevice.h */ = {isa = PBXFileReference; fileEncoding = 4; lastKnownFileType = sourcecode.c.h; name = RemoteDevice.h; path = Model/DB/RemoteDevice.h; sourceTree = "<group>"; };
		1643120E1AB571B200DFEA7D /* RemoteDevice.m */ = {isa = PBXFileReference; fileEncoding = 4; lastKnownFileType = sourcecode.c.objc; name = RemoteDevice.m; path = Model/DB/RemoteDevice.m; sourceTree = "<group>"; };
		164312101AB591CD00DFEA7D /* DeviceDetailViewController.h */ = {isa = PBXFileReference; fileEncoding = 4; lastKnownFileType = sourcecode.c.h; name = DeviceDetailViewController.h; path = ViewController/DeviceDetailViewController.h; sourceTree = "<group>"; };
		164312111AB591CD00DFEA7D /* DeviceDetailViewController.m */ = {isa = PBXFileReference; fileEncoding = 4; lastKnownFileType = sourcecode.c.objc; name = DeviceDetailViewController.m; path = ViewController/DeviceDetailViewController.m; sourceTree = "<group>"; };
		164312141AB67DA000DFEA7D /* SwitchCell.h */ = {isa = PBXFileReference; fileEncoding = 4; lastKnownFileType = sourcecode.c.h; name = SwitchCell.h; path = UIView/Cell/SwitchCell.h; sourceTree = "<group>"; };
		164312151AB67DA000DFEA7D /* SwitchCell.m */ = {isa = PBXFileReference; fileEncoding = 4; lastKnownFileType = sourcecode.c.objc; name = SwitchCell.m; path = UIView/Cell/SwitchCell.m; sourceTree = "<group>"; };
		164312171AB6BB6700DFEA7D /* CoreDateTypeUtility.h */ = {isa = PBXFileReference; fileEncoding = 4; lastKnownFileType = sourcecode.c.h; name = CoreDateTypeUtility.h; path = Model/DB/CoreDateTypeUtility.h; sourceTree = "<group>"; };
		164312181AB6BB6700DFEA7D /* CoreDateTypeUtility.m */ = {isa = PBXFileReference; fileEncoding = 4; lastKnownFileType = sourcecode.c.objc; name = CoreDateTypeUtility.m; path = Model/DB/CoreDateTypeUtility.m; sourceTree = "<group>"; };
		1683C3091AAADE9300C139CF /* 设备管家.app */ = {isa = PBXFileReference; explicitFileType = wrapper.application; includeInIndex = 0; path = "设备管家.app"; sourceTree = BUILT_PRODUCTS_DIR; };
		1683C30D1AAADE9300C139CF /* Info.plist */ = {isa = PBXFileReference; lastKnownFileType = text.plist.xml; path = Info.plist; sourceTree = "<group>"; };
		1683C30E1AAADE9300C139CF /* main.m */ = {isa = PBXFileReference; lastKnownFileType = sourcecode.c.objc; path = main.m; sourceTree = "<group>"; };
		1683C3101AAADE9300C139CF /* AppDelegate.h */ = {isa = PBXFileReference; lastKnownFileType = sourcecode.c.h; path = AppDelegate.h; sourceTree = "<group>"; };
		1683C3111AAADE9300C139CF /* AppDelegate.m */ = {isa = PBXFileReference; lastKnownFileType = sourcecode.c.objc; path = AppDelegate.m; sourceTree = "<group>"; };
		1683C3131AAADE9300C139CF /* MasterViewController.h */ = {isa = PBXFileReference; lastKnownFileType = sourcecode.c.h; path = MasterViewController.h; sourceTree = "<group>"; };
		1683C3141AAADE9300C139CF /* MasterViewController.m */ = {isa = PBXFileReference; lastKnownFileType = sourcecode.c.objc; path = MasterViewController.m; sourceTree = "<group>"; };
		1683C3161AAADE9300C139CF /* DetailViewController.h */ = {isa = PBXFileReference; lastKnownFileType = sourcecode.c.h; path = DetailViewController.h; sourceTree = "<group>"; };
		1683C3171AAADE9300C139CF /* DetailViewController.m */ = {isa = PBXFileReference; lastKnownFileType = sourcecode.c.objc; path = DetailViewController.m; sourceTree = "<group>"; };
		1683C31A1AAADE9300C139CF /* Base */ = {isa = PBXFileReference; lastKnownFileType = file.storyboard; name = Base; path = Base.lproj/Main.storyboard; sourceTree = "<group>"; };
		1683C31C1AAADE9300C139CF /* Images.xcassets */ = {isa = PBXFileReference; lastKnownFileType = folder.assetcatalog; path = Images.xcassets; sourceTree = "<group>"; };
		1683C31F1AAADE9300C139CF /* Base */ = {isa = PBXFileReference; lastKnownFileType = file.xib; name = Base; path = Base.lproj/LaunchScreen.xib; sourceTree = "<group>"; };
		1683C3251AAADE9300C139CF /* DeviceManagerPadTests.xctest */ = {isa = PBXFileReference; explicitFileType = wrapper.cfbundle; includeInIndex = 0; path = DeviceManagerPadTests.xctest; sourceTree = BUILT_PRODUCTS_DIR; };
		1683C32A1AAADE9300C139CF /* Info.plist */ = {isa = PBXFileReference; lastKnownFileType = text.plist.xml; path = Info.plist; sourceTree = "<group>"; };
		1683C32B1AAADE9300C139CF /* DeviceManagerPadTests.m */ = {isa = PBXFileReference; lastKnownFileType = sourcecode.c.objc; path = DeviceManagerPadTests.m; sourceTree = "<group>"; };
		1683C3381AAADF7E00C139CF /* TestViewController.h */ = {isa = PBXFileReference; fileEncoding = 4; lastKnownFileType = sourcecode.c.h; path = TestViewController.h; sourceTree = "<group>"; };
		1683C3391AAADF7E00C139CF /* TestViewController.m */ = {isa = PBXFileReference; fileEncoding = 4; lastKnownFileType = sourcecode.c.objc; path = TestViewController.m; sourceTree = "<group>"; };
		1683C33D1AAC49D900C139CF /* StartViewController.h */ = {isa = PBXFileReference; fileEncoding = 4; lastKnownFileType = sourcecode.c.h; path = StartViewController.h; sourceTree = "<group>"; };
		1683C33E1AAC49D900C139CF /* StartViewController.m */ = {isa = PBXFileReference; fileEncoding = 4; lastKnownFileType = sourcecode.c.objc; path = StartViewController.m; sourceTree = "<group>"; };
		1683C3401AAC49FC00C139CF /* SwitchTableViewController.h */ = {isa = PBXFileReference; fileEncoding = 4; lastKnownFileType = sourcecode.c.h; path = SwitchTableViewController.h; sourceTree = "<group>"; };
		1683C3411AAC49FC00C139CF /* SwitchTableViewController.m */ = {isa = PBXFileReference; fileEncoding = 4; lastKnownFileType = sourcecode.c.objc; path = SwitchTableViewController.m; sourceTree = "<group>"; };
		1683C3461AAC503E00C139CF /* AFHTTPRequestOperation.h */ = {isa = PBXFileReference; fileEncoding = 4; lastKnownFileType = sourcecode.c.h; name = AFHTTPRequestOperation.h; path = Util/AFNetwork/AFHTTPRequestOperation.h; sourceTree = "<group>"; };
		1683C3471AAC503E00C139CF /* AFHTTPRequestOperation.m */ = {isa = PBXFileReference; fileEncoding = 4; lastKnownFileType = sourcecode.c.objc; name = AFHTTPRequestOperation.m; path = Util/AFNetwork/AFHTTPRequestOperation.m; sourceTree = "<group>"; };
		1683C3481AAC503E00C139CF /* AFHTTPRequestOperationManager.h */ = {isa = PBXFileReference; fileEncoding = 4; lastKnownFileType = sourcecode.c.h; name = AFHTTPRequestOperationManager.h; path = Util/AFNetwork/AFHTTPRequestOperationManager.h; sourceTree = "<group>"; };
		1683C3491AAC503E00C139CF /* AFHTTPRequestOperationManager.m */ = {isa = PBXFileReference; fileEncoding = 4; lastKnownFileType = sourcecode.c.objc; name = AFHTTPRequestOperationManager.m; path = Util/AFNetwork/AFHTTPRequestOperationManager.m; sourceTree = "<group>"; };
		1683C34A1AAC503E00C139CF /* AFHTTPSessionManager.h */ = {isa = PBXFileReference; fileEncoding = 4; lastKnownFileType = sourcecode.c.h; name = AFHTTPSessionManager.h; path = Util/AFNetwork/AFHTTPSessionManager.h; sourceTree = "<group>"; };
		1683C34B1AAC503E00C139CF /* AFHTTPSessionManager.m */ = {isa = PBXFileReference; fileEncoding = 4; lastKnownFileType = sourcecode.c.objc; name = AFHTTPSessionManager.m; path = Util/AFNetwork/AFHTTPSessionManager.m; sourceTree = "<group>"; };
		1683C34C1AAC503E00C139CF /* AFNetworking.h */ = {isa = PBXFileReference; fileEncoding = 4; lastKnownFileType = sourcecode.c.h; name = AFNetworking.h; path = Util/AFNetwork/AFNetworking.h; sourceTree = "<group>"; };
		1683C34D1AAC503E00C139CF /* AFNetworkReachabilityManager.h */ = {isa = PBXFileReference; fileEncoding = 4; lastKnownFileType = sourcecode.c.h; name = AFNetworkReachabilityManager.h; path = Util/AFNetwork/AFNetworkReachabilityManager.h; sourceTree = "<group>"; };
		1683C34E1AAC503E00C139CF /* AFNetworkReachabilityManager.m */ = {isa = PBXFileReference; fileEncoding = 4; lastKnownFileType = sourcecode.c.objc; name = AFNetworkReachabilityManager.m; path = Util/AFNetwork/AFNetworkReachabilityManager.m; sourceTree = "<group>"; };
		1683C34F1AAC503E00C139CF /* AFSecurityPolicy.h */ = {isa = PBXFileReference; fileEncoding = 4; lastKnownFileType = sourcecode.c.h; name = AFSecurityPolicy.h; path = Util/AFNetwork/AFSecurityPolicy.h; sourceTree = "<group>"; };
		1683C3501AAC503E00C139CF /* AFSecurityPolicy.m */ = {isa = PBXFileReference; fileEncoding = 4; lastKnownFileType = sourcecode.c.objc; name = AFSecurityPolicy.m; path = Util/AFNetwork/AFSecurityPolicy.m; sourceTree = "<group>"; };
		1683C3511AAC503E00C139CF /* AFURLConnectionOperation.h */ = {isa = PBXFileReference; fileEncoding = 4; lastKnownFileType = sourcecode.c.h; name = AFURLConnectionOperation.h; path = Util/AFNetwork/AFURLConnectionOperation.h; sourceTree = "<group>"; };
		1683C3521AAC503E00C139CF /* AFURLConnectionOperation.m */ = {isa = PBXFileReference; fileEncoding = 4; lastKnownFileType = sourcecode.c.objc; name = AFURLConnectionOperation.m; path = Util/AFNetwork/AFURLConnectionOperation.m; sourceTree = "<group>"; };
		1683C3531AAC503E00C139CF /* AFURLRequestSerialization.h */ = {isa = PBXFileReference; fileEncoding = 4; lastKnownFileType = sourcecode.c.h; name = AFURLRequestSerialization.h; path = Util/AFNetwork/AFURLRequestSerialization.h; sourceTree = "<group>"; };
		1683C3541AAC503E00C139CF /* AFURLRequestSerialization.m */ = {isa = PBXFileReference; fileEncoding = 4; lastKnownFileType = sourcecode.c.objc; name = AFURLRequestSerialization.m; path = Util/AFNetwork/AFURLRequestSerialization.m; sourceTree = "<group>"; };
		1683C3551AAC503E00C139CF /* AFURLResponseSerialization.h */ = {isa = PBXFileReference; fileEncoding = 4; lastKnownFileType = sourcecode.c.h; name = AFURLResponseSerialization.h; path = Util/AFNetwork/AFURLResponseSerialization.h; sourceTree = "<group>"; };
		1683C3561AAC503E00C139CF /* AFURLResponseSerialization.m */ = {isa = PBXFileReference; fileEncoding = 4; lastKnownFileType = sourcecode.c.objc; name = AFURLResponseSerialization.m; path = Util/AFNetwork/AFURLResponseSerialization.m; sourceTree = "<group>"; };
		1683C3571AAC503E00C139CF /* AFURLSessionManager.h */ = {isa = PBXFileReference; fileEncoding = 4; lastKnownFileType = sourcecode.c.h; name = AFURLSessionManager.h; path = Util/AFNetwork/AFURLSessionManager.h; sourceTree = "<group>"; };
		1683C3581AAC503E00C139CF /* AFURLSessionManager.m */ = {isa = PBXFileReference; fileEncoding = 4; lastKnownFileType = sourcecode.c.objc; name = AFURLSessionManager.m; path = Util/AFNetwork/AFURLSessionManager.m; sourceTree = "<group>"; };
		1683C3671AAC575D00C139CF /* DataResult.h */ = {isa = PBXFileReference; fileEncoding = 4; lastKnownFileType = sourcecode.c.h; name = DataResult.h; path = Model/DataResult.h; sourceTree = "<group>"; };
		1683C3681AAC575D00C139CF /* DataResult.m */ = {isa = PBXFileReference; fileEncoding = 4; lastKnownFileType = sourcecode.c.objc; name = DataResult.m; path = Model/DataResult.m; sourceTree = "<group>"; };
		1683C3821AAC836400C139CF /* LoginViewController.h */ = {isa = PBXFileReference; fileEncoding = 4; lastKnownFileType = sourcecode.c.h; name = LoginViewController.h; path = ViewController/LoginViewController.h; sourceTree = "<group>"; };
		1683C3831AAC836400C139CF /* LoginViewController.m */ = {isa = PBXFileReference; fileEncoding = 4; lastKnownFileType = sourcecode.c.objc; name = LoginViewController.m; path = ViewController/LoginViewController.m; sourceTree = "<group>"; };
		1683C3861AAD494800C139CF /* GlobalNotification.h */ = {isa = PBXFileReference; lastKnownFileType = sourcecode.c.h; name = GlobalNotification.h; path = Const/GlobalNotification.h; sourceTree = "<group>"; };
		1683C3881AAD87F200C139CF /* GCDAsyncSocket.h */ = {isa = PBXFileReference; fileEncoding = 4; lastKnownFileType = sourcecode.c.h; name = GCDAsyncSocket.h; path = Util/GCDSocket/GCDAsyncSocket.h; sourceTree = "<group>"; };
		1683C3891AAD87F200C139CF /* GCDAsyncSocket.m */ = {isa = PBXFileReference; fileEncoding = 4; lastKnownFileType = sourcecode.c.objc; name = GCDAsyncSocket.m; path = Util/GCDSocket/GCDAsyncSocket.m; sourceTree = "<group>"; };
		1683C38A1AAD87F200C139CF /* GCDAsyncUdpSocket.h */ = {isa = PBXFileReference; fileEncoding = 4; lastKnownFileType = sourcecode.c.h; name = GCDAsyncUdpSocket.h; path = Util/GCDSocket/GCDAsyncUdpSocket.h; sourceTree = "<group>"; };
		1683C38B1AAD87F200C139CF /* GCDAsyncUdpSocket.m */ = {isa = PBXFileReference; fileEncoding = 4; lastKnownFileType = sourcecode.c.objc; name = GCDAsyncUdpSocket.m; path = Util/GCDSocket/GCDAsyncUdpSocket.m; sourceTree = "<group>"; };
		16AE83C21AB7C24F00F3FE63 /* PCommunication.h */ = {isa = PBXFileReference; lastKnownFileType = sourcecode.c.h; name = PCommunication.h; path = Communication/PCommunication.h; sourceTree = "<group>"; };
		16AE83C41AB7D0A800F3FE63 /* MainCommandControl.h */ = {isa = PBXFileReference; fileEncoding = 4; lastKnownFileType = sourcecode.c.h; name = MainCommandControl.h; path = Communication/MainCommandControl.h; sourceTree = "<group>"; };
		16AE83C51AB7D0A800F3FE63 /* MainCommandControl.m */ = {isa = PBXFileReference; fileEncoding = 4; lastKnownFileType = sourcecode.c.objc; name = MainCommandControl.m; path = Communication/MainCommandControl.m; sourceTree = "<group>"; };
		16AE83C71AB7D0BF00F3FE63 /* ClusterCommandControl.h */ = {isa = PBXFileReference; fileEncoding = 4; lastKnownFileType = sourcecode.c.h; name = ClusterCommandControl.h; path = Communication/ClusterCommandControl.h; sourceTree = "<group>"; };
		16AE83C81AB7D0BF00F3FE63 /* ClusterCommandControl.m */ = {isa = PBXFileReference; fileEncoding = 4; lastKnownFileType = sourcecode.c.objc; name = ClusterCommandControl.m; path = Communication/ClusterCommandControl.m; sourceTree = "<group>"; };
		16AE83CA1AB7D0D700F3FE63 /* SoftwareCommandControl.h */ = {isa = PBXFileReference; fileEncoding = 4; lastKnownFileType = sourcecode.c.h; name = SoftwareCommandControl.h; path = Communication/SoftwareCommandControl.h; sourceTree = "<group>"; };
		16AE83CB1AB7D0D700F3FE63 /* SoftwareCommandControl.m */ = {isa = PBXFileReference; fileEncoding = 4; lastKnownFileType = sourcecode.c.objc; name = SoftwareCommandControl.m; path = Communication/SoftwareCommandControl.m; sourceTree = "<group>"; };
		16AE83CD1AB7D1BB00F3FE63 /* ProjectionCommandControl.h */ = {isa = PBXFileReference; fileEncoding = 4; lastKnownFileType = sourcecode.c.h; name = ProjectionCommandControl.h; path = Communication/ProjectionCommandControl.h; sourceTree = "<group>"; };
		16AE83CE1AB7D1BB00F3FE63 /* ProjectionCommandControl.m */ = {isa = PBXFileReference; fileEncoding = 4; lastKnownFileType = sourcecode.c.objc; name = ProjectionCommandControl.m; path = Communication/ProjectionCommandControl.m; sourceTree = "<group>"; };
		16AE83D01AB7D23400F3FE63 /* StereoCommandControl.h */ = {isa = PBXFileReference; fileEncoding = 4; lastKnownFileType = sourcecode.c.h; name = StereoCommandControl.h; path = Communication/StereoCommandControl.h; sourceTree = "<group>"; };
		16AE83D11AB7D23400F3FE63 /* StereoCommandControl.m */ = {isa = PBXFileReference; fileEncoding = 4; lastKnownFileType = sourcecode.c.objc; name = StereoCommandControl.m; path = Communication/StereoCommandControl.m; sourceTree = "<group>"; };
		16AE83D31AB83CF600F3FE63 /* OperationLogVIewController.h */ = {isa = PBXFileReference; fileEncoding = 4; lastKnownFileType = sourcecode.c.h; name = OperationLogVIewController.h; path = ViewController/OperationLogVIewController.h; sourceTree = "<group>"; };
		16AE83D41AB83CF600F3FE63 /* OperationLogVIewController.m */ = {isa = PBXFileReference; fileEncoding = 4; lastKnownFileType = sourcecode.c.objc; name = OperationLogVIewController.m; path = ViewController/OperationLogVIewController.m; sourceTree = "<group>"; };
		16AE83D61AB9A12E00F3FE63 /* StereoViewController.h */ = {isa = PBXFileReference; fileEncoding = 4; lastKnownFileType = sourcecode.c.h; name = StereoViewController.h; path = ViewController/StereoViewController.h; sourceTree = "<group>"; };
		16AE83D71AB9A12E00F3FE63 /* StereoViewController.m */ = {isa = PBXFileReference; fileEncoding = 4; lastKnownFileType = sourcecode.c.objc; name = StereoViewController.m; path = ViewController/StereoViewController.m; sourceTree = "<group>"; };
		16B5E2091ABD293A00D098B3 /* UserManagement.h */ = {isa = PBXFileReference; lastKnownFileType = sourcecode.c.h; name = UserManagement.h; path = Const/UserManagement.h; sourceTree = "<group>"; };
		16B5E20A1ABD590300D098B3 /* DeviceCommunication.h */ = {isa = PBXFileReference; lastKnownFileType = sourcecode.c.h; name = DeviceCommunication.h; path = Const/DeviceCommunication.h; sourceTree = "<group>"; };
		16B5E20B1ABD5C9300D098B3 /* SwitchSocketSettingController.h */ = {isa = PBXFileReference; fileEncoding = 4; lastKnownFileType = sourcecode.c.h; name = SwitchSocketSettingController.h; path = ViewController/SwitchSocketSettingController.h; sourceTree = "<group>"; };
		16B5E20C1ABD5C9300D098B3 /* SwitchSocketSettingController.m */ = {isa = PBXFileReference; fileEncoding = 4; lastKnownFileType = sourcecode.c.objc; name = SwitchSocketSettingController.m; path = ViewController/SwitchSocketSettingController.m; sourceTree = "<group>"; };
		16B5E20E1ABD602600D098B3 /* FakeSocketFactory.h */ = {isa = PBXFileReference; fileEncoding = 4; lastKnownFileType = sourcecode.c.h; name = FakeSocketFactory.h; path = Model/FakeSocketFactory.h; sourceTree = "<group>"; };
		16B5E20F1ABD602600D098B3 /* FakeSocketFactory.m */ = {isa = PBXFileReference; fileEncoding = 4; lastKnownFileType = sourcecode.c.objc; name = FakeSocketFactory.m; path = Model/FakeSocketFactory.m; sourceTree = "<group>"; };
/* End PBXFileReference section */

/* Begin PBXFrameworksBuildPhase section */
		1683C3061AAADE9300C139CF /* Frameworks */ = {
			isa = PBXFrameworksBuildPhase;
			buildActionMask = 2147483647;
			files = (
			);
			runOnlyForDeploymentPostprocessing = 0;
		};
		1683C3221AAADE9300C139CF /* Frameworks */ = {
			isa = PBXFrameworksBuildPhase;
			buildActionMask = 2147483647;
			files = (
			);
			runOnlyForDeploymentPostprocessing = 0;
		};
/* End PBXFrameworksBuildPhase section */

/* Begin PBXGroup section */
		164311FC1AB2E9CE00DFEA7D /* DB */ = {
			isa = PBXGroup;
			children = (
				164311FD1AB2EA0800DFEA7D /* CoreDataAdaptor.h */,
				164311FE1AB2EA0800DFEA7D /* CoreDataAdaptor.m */,
				164312071AB56CE000DFEA7D /* CoreDataModel.xcdatamodeld */,
				1643120D1AB571B200DFEA7D /* RemoteDevice.h */,
				1643120E1AB571B200DFEA7D /* RemoteDevice.m */,
				1643120A1AB571B100DFEA7D /* OperationLog.h */,
				1643120B1AB571B100DFEA7D /* OperationLog.m */,
				164312171AB6BB6700DFEA7D /* CoreDateTypeUtility.h */,
				164312181AB6BB6700DFEA7D /* CoreDateTypeUtility.m */,
			);
			name = DB;
			sourceTree = "<group>";
		};
		164312001AB2F0CC00DFEA7D /* Misc */ = {
			isa = PBXGroup;
			children = (
			);
			name = Misc;
			sourceTree = "<group>";
		};
		164312131AB67B3A00DFEA7D /* Cell */ = {
			isa = PBXGroup;
			children = (
				164312141AB67DA000DFEA7D /* SwitchCell.h */,
				164312151AB67DA000DFEA7D /* SwitchCell.m */,
			);
			name = Cell;
			sourceTree = "<group>";
		};
		1683C3001AAADE9300C139CF = {
			isa = PBXGroup;
			children = (
				1683C30B1AAADE9300C139CF /* DeviceManagerPad */,
				1683C3281AAADE9300C139CF /* DeviceManagerPadTests */,
				1683C30A1AAADE9300C139CF /* Products */,
			);
			sourceTree = "<group>";
		};
		1683C30A1AAADE9300C139CF /* Products */ = {
			isa = PBXGroup;
			children = (
				1683C3091AAADE9300C139CF /* 设备管家.app */,
				1683C3251AAADE9300C139CF /* DeviceManagerPadTests.xctest */,
			);
			name = Products;
			sourceTree = "<group>";
		};
		1683C30B1AAADE9300C139CF /* DeviceManagerPad */ = {
			isa = PBXGroup;
			children = (
				16AE83C31AB7C40800F3FE63 /* Communication */,
				1683C3851AAD483D00C139CF /* Const */,
				1683C37B1AAC6EA000C139CF /* UIView */,
				1683C3621AAC51C100C139CF /* Model */,
				1683C3441AAC4AC600C139CF /* Util */,
				1683C33C1AAC49AD00C139CF /* ViewController */,
				1683C3101AAADE9300C139CF /* AppDelegate.h */,
				1683C3111AAADE9300C139CF /* AppDelegate.m */,
				1683C3131AAADE9300C139CF /* MasterViewController.h */,
				1683C3141AAADE9300C139CF /* MasterViewController.m */,
				1683C3161AAADE9300C139CF /* DetailViewController.h */,
				1683C3171AAADE9300C139CF /* DetailViewController.m */,
				1683C3191AAADE9300C139CF /* Main.storyboard */,
				1683C31C1AAADE9300C139CF /* Images.xcassets */,
				1683C31E1AAADE9300C139CF /* LaunchScreen.xib */,
				1683C30C1AAADE9300C139CF /* Supporting Files */,
				1683C3381AAADF7E00C139CF /* TestViewController.h */,
				1683C3391AAADF7E00C139CF /* TestViewController.m */,
			);
			path = DeviceManagerPad;
			sourceTree = "<group>";
		};
		1683C30C1AAADE9300C139CF /* Supporting Files */ = {
			isa = PBXGroup;
			children = (
				1683C30D1AAADE9300C139CF /* Info.plist */,
				1683C30E1AAADE9300C139CF /* main.m */,
			);
			name = "Supporting Files";
			sourceTree = "<group>";
		};
		1683C3281AAADE9300C139CF /* DeviceManagerPadTests */ = {
			isa = PBXGroup;
			children = (
				1683C32B1AAADE9300C139CF /* DeviceManagerPadTests.m */,
				1683C3291AAADE9300C139CF /* Supporting Files */,
			);
			path = DeviceManagerPadTests;
			sourceTree = "<group>";
		};
		1683C3291AAADE9300C139CF /* Supporting Files */ = {
			isa = PBXGroup;
			children = (
				1683C32A1AAADE9300C139CF /* Info.plist */,
			);
			name = "Supporting Files";
			sourceTree = "<group>";
		};
		1683C33C1AAC49AD00C139CF /* ViewController */ = {
			isa = PBXGroup;
			children = (
				1683C33D1AAC49D900C139CF /* StartViewController.h */,
				1683C33E1AAC49D900C139CF /* StartViewController.m */,
				1683C3401AAC49FC00C139CF /* SwitchTableViewController.h */,
				1683C3411AAC49FC00C139CF /* SwitchTableViewController.m */,
				1683C3821AAC836400C139CF /* LoginViewController.h */,
				1683C3831AAC836400C139CF /* LoginViewController.m */,
				164312101AB591CD00DFEA7D /* DeviceDetailViewController.h */,
				164312111AB591CD00DFEA7D /* DeviceDetailViewController.m */,
				16AE83D31AB83CF600F3FE63 /* OperationLogVIewController.h */,
				16AE83D41AB83CF600F3FE63 /* OperationLogVIewController.m */,
				16AE83D61AB9A12E00F3FE63 /* StereoViewController.h */,
				16AE83D71AB9A12E00F3FE63 /* StereoViewController.m */,
				16B5E20B1ABD5C9300D098B3 /* SwitchSocketSettingController.h */,
				16B5E20C1ABD5C9300D098B3 /* SwitchSocketSettingController.m */,
			);
			name = ViewController;
			sourceTree = "<group>";
		};
		1683C3441AAC4AC600C139CF /* Util */ = {
			isa = PBXGroup;
			children = (
				164312001AB2F0CC00DFEA7D /* Misc */,
				1683C3871AAD879A00C139CF /* GCDSocket */,
				1683C3451AAC501C00C139CF /* AFNetwork */,
			);
			name = Util;
			sourceTree = "<group>";
		};
		1683C3451AAC501C00C139CF /* AFNetwork */ = {
			isa = PBXGroup;
			children = (
				1683C3461AAC503E00C139CF /* AFHTTPRequestOperation.h */,
				1683C3471AAC503E00C139CF /* AFHTTPRequestOperation.m */,
				1683C3481AAC503E00C139CF /* AFHTTPRequestOperationManager.h */,
				1683C3491AAC503E00C139CF /* AFHTTPRequestOperationManager.m */,
				1683C34A1AAC503E00C139CF /* AFHTTPSessionManager.h */,
				1683C34B1AAC503E00C139CF /* AFHTTPSessionManager.m */,
				1683C34C1AAC503E00C139CF /* AFNetworking.h */,
				1683C34D1AAC503E00C139CF /* AFNetworkReachabilityManager.h */,
				1683C34E1AAC503E00C139CF /* AFNetworkReachabilityManager.m */,
				1683C34F1AAC503E00C139CF /* AFSecurityPolicy.h */,
				1683C3501AAC503E00C139CF /* AFSecurityPolicy.m */,
				1683C3511AAC503E00C139CF /* AFURLConnectionOperation.h */,
				1683C3521AAC503E00C139CF /* AFURLConnectionOperation.m */,
				1683C3531AAC503E00C139CF /* AFURLRequestSerialization.h */,
				1683C3541AAC503E00C139CF /* AFURLRequestSerialization.m */,
				1683C3551AAC503E00C139CF /* AFURLResponseSerialization.h */,
				1683C3561AAC503E00C139CF /* AFURLResponseSerialization.m */,
				1683C3571AAC503E00C139CF /* AFURLSessionManager.h */,
				1683C3581AAC503E00C139CF /* AFURLSessionManager.m */,
			);
			name = AFNetwork;
			sourceTree = "<group>";
		};
		1683C3621AAC51C100C139CF /* Model */ = {
			isa = PBXGroup;
			children = (
				164311FC1AB2E9CE00DFEA7D /* DB */,
				1683C3671AAC575D00C139CF /* DataResult.h */,
				1683C3681AAC575D00C139CF /* DataResult.m */,
				16B5E20E1ABD602600D098B3 /* FakeSocketFactory.h */,
				16B5E20F1ABD602600D098B3 /* FakeSocketFactory.m */,
			);
			name = Model;
			sourceTree = "<group>";
		};
		1683C37B1AAC6EA000C139CF /* UIView */ = {
			isa = PBXGroup;
			children = (
				164312131AB67B3A00DFEA7D /* Cell */,
				164312041AB5615000DFEA7D /* UIControl+IndexPath.h */,
				164312051AB5615000DFEA7D /* UIControl+IndexPath.m */,
			);
			name = UIView;
			sourceTree = "<group>";
		};
		1683C3851AAD483D00C139CF /* Const */ = {
			isa = PBXGroup;
			children = (
				1683C3861AAD494800C139CF /* GlobalNotification.h */,
				16B5E2091ABD293A00D098B3 /* UserManagement.h */,
				16B5E20A1ABD590300D098B3 /* DeviceCommunication.h */,
			);
			name = Const;
			sourceTree = "<group>";
		};
		1683C3871AAD879A00C139CF /* GCDSocket */ = {
			isa = PBXGroup;
			children = (
				1683C3881AAD87F200C139CF /* GCDAsyncSocket.h */,
				1683C3891AAD87F200C139CF /* GCDAsyncSocket.m */,
				1683C38A1AAD87F200C139CF /* GCDAsyncUdpSocket.h */,
				1683C38B1AAD87F200C139CF /* GCDAsyncUdpSocket.m */,
				164311F91AB1415900DFEA7D /* AsyncUdpSocketController.h */,
				164311FA1AB1415900DFEA7D /* AsyncUdpSocketController.m */,
				164312011AB2F10200DFEA7D /* SocketDataConverter.h */,
				164312021AB2F10200DFEA7D /* SocketDataConverter.m */,
			);
			name = GCDSocket;
			sourceTree = "<group>";
		};
		16AE83C31AB7C40800F3FE63 /* Communication */ = {
			isa = PBXGroup;
			children = (
				16AE83C21AB7C24F00F3FE63 /* PCommunication.h */,
				16AE83C41AB7D0A800F3FE63 /* MainCommandControl.h */,
				16AE83C51AB7D0A800F3FE63 /* MainCommandControl.m */,
				16AE83C71AB7D0BF00F3FE63 /* ClusterCommandControl.h */,
				16AE83C81AB7D0BF00F3FE63 /* ClusterCommandControl.m */,
				16AE83CA1AB7D0D700F3FE63 /* SoftwareCommandControl.h */,
				16AE83CB1AB7D0D700F3FE63 /* SoftwareCommandControl.m */,
				16AE83CD1AB7D1BB00F3FE63 /* ProjectionCommandControl.h */,
				16AE83CE1AB7D1BB00F3FE63 /* ProjectionCommandControl.m */,
				16AE83D01AB7D23400F3FE63 /* StereoCommandControl.h */,
				16AE83D11AB7D23400F3FE63 /* StereoCommandControl.m */,
			);
			name = Communication;
			sourceTree = "<group>";
		};
/* End PBXGroup section */

/* Begin PBXNativeTarget section */
		1683C3081AAADE9300C139CF /* DeviceManagerPad */ = {
			isa = PBXNativeTarget;
			buildConfigurationList = 1683C32F1AAADE9300C139CF /* Build configuration list for PBXNativeTarget "DeviceManagerPad" */;
			buildPhases = (
				1683C3051AAADE9300C139CF /* Sources */,
				1683C3061AAADE9300C139CF /* Frameworks */,
				1683C3071AAADE9300C139CF /* Resources */,
			);
			buildRules = (
			);
			dependencies = (
			);
			name = DeviceManagerPad;
			productName = DeviceManagerPad;
			productReference = 1683C3091AAADE9300C139CF /* 设备管家.app */;
			productType = "com.apple.product-type.application";
		};
		1683C3241AAADE9300C139CF /* DeviceManagerPadTests */ = {
			isa = PBXNativeTarget;
			buildConfigurationList = 1683C3321AAADE9300C139CF /* Build configuration list for PBXNativeTarget "DeviceManagerPadTests" */;
			buildPhases = (
				1683C3211AAADE9300C139CF /* Sources */,
				1683C3221AAADE9300C139CF /* Frameworks */,
				1683C3231AAADE9300C139CF /* Resources */,
			);
			buildRules = (
			);
			dependencies = (
				1683C3271AAADE9300C139CF /* PBXTargetDependency */,
			);
			name = DeviceManagerPadTests;
			productName = DeviceManagerPadTests;
			productReference = 1683C3251AAADE9300C139CF /* DeviceManagerPadTests.xctest */;
			productType = "com.apple.product-type.bundle.unit-test";
		};
/* End PBXNativeTarget section */

/* Begin PBXProject section */
		1683C3011AAADE9300C139CF /* Project object */ = {
			isa = PBXProject;
			attributes = {
				LastUpgradeCheck = 0610;
				ORGANIZATIONNAME = GuJitao;
				TargetAttributes = {
					1683C3081AAADE9300C139CF = {
						CreatedOnToolsVersion = 6.1.1;
					};
					1683C3241AAADE9300C139CF = {
						CreatedOnToolsVersion = 6.1.1;
						TestTargetID = 1683C3081AAADE9300C139CF;
					};
				};
			};
			buildConfigurationList = 1683C3041AAADE9300C139CF /* Build configuration list for PBXProject "DeviceManagerPad" */;
			compatibilityVersion = "Xcode 3.2";
			developmentRegion = English;
			hasScannedForEncodings = 0;
			knownRegions = (
				en,
				Base,
			);
			mainGroup = 1683C3001AAADE9300C139CF;
			productRefGroup = 1683C30A1AAADE9300C139CF /* Products */;
			projectDirPath = "";
			projectRoot = "";
			targets = (
				1683C3081AAADE9300C139CF /* DeviceManagerPad */,
				1683C3241AAADE9300C139CF /* DeviceManagerPadTests */,
			);
		};
/* End PBXProject section */

/* Begin PBXResourcesBuildPhase section */
		1683C3071AAADE9300C139CF /* Resources */ = {
			isa = PBXResourcesBuildPhase;
			buildActionMask = 2147483647;
			files = (
				1683C31B1AAADE9300C139CF /* Main.storyboard in Resources */,
				1683C3201AAADE9300C139CF /* LaunchScreen.xib in Resources */,
				1683C31D1AAADE9300C139CF /* Images.xcassets in Resources */,
			);
			runOnlyForDeploymentPostprocessing = 0;
		};
		1683C3231AAADE9300C139CF /* Resources */ = {
			isa = PBXResourcesBuildPhase;
			buildActionMask = 2147483647;
			files = (
			);
			runOnlyForDeploymentPostprocessing = 0;
		};
/* End PBXResourcesBuildPhase section */

/* Begin PBXSourcesBuildPhase section */
		1683C3051AAADE9300C139CF /* Sources */ = {
			isa = PBXSourcesBuildPhase;
			buildActionMask = 2147483647;
			files = (
				16AE83C91AB7D0BF00F3FE63 /* ClusterCommandControl.m in Sources */,
				16B5E20D1ABD5C9300D098B3 /* SwitchSocketSettingController.m in Sources */,
				1643120F1AB571B200DFEA7D /* RemoteDevice.m in Sources */,
				1683C38D1AAD87F200C139CF /* GCDAsyncUdpSocket.m in Sources */,
				1683C3691AAC575D00C139CF /* DataResult.m in Sources */,
				1683C35E1AAC503E00C139CF /* AFURLConnectionOperation.m in Sources */,
				1683C3121AAADE9300C139CF /* AppDelegate.m in Sources */,
				1683C3841AAC836400C139CF /* LoginViewController.m in Sources */,
				164312061AB5615000DFEA7D /* UIControl+IndexPath.m in Sources */,
				16AE83CC1AB7D0D700F3FE63 /* SoftwareCommandControl.m in Sources */,
				164312121AB591CD00DFEA7D /* DeviceDetailViewController.m in Sources */,
				1643120C1AB571B100DFEA7D /* OperationLog.m in Sources */,
				1683C3151AAADE9300C139CF /* MasterViewController.m in Sources */,
				1683C30F1AAADE9300C139CF /* main.m in Sources */,
				1683C3601AAC503E00C139CF /* AFURLResponseSerialization.m in Sources */,
				1683C33F1AAC49D900C139CF /* StartViewController.m in Sources */,
				164311FB1AB1415900DFEA7D /* AsyncUdpSocketController.m in Sources */,
				1683C35F1AAC503E00C139CF /* AFURLRequestSerialization.m in Sources */,
				1683C35D1AAC503E00C139CF /* AFSecurityPolicy.m in Sources */,
				1683C38C1AAD87F200C139CF /* GCDAsyncSocket.m in Sources */,
				164312091AB56CE000DFEA7D /* CoreDataModel.xcdatamodeld in Sources */,
				1683C3591AAC503E00C139CF /* AFHTTPRequestOperation.m in Sources */,
				16AE83D51AB83CF600F3FE63 /* OperationLogVIewController.m in Sources */,
				164312031AB2F10200DFEA7D /* SocketDataConverter.m in Sources */,
				16AE83C61AB7D0A800F3FE63 /* MainCommandControl.m in Sources */,
				16AE83CF1AB7D1BB00F3FE63 /* ProjectionCommandControl.m in Sources */,
				1683C3611AAC503E00C139CF /* AFURLSessionManager.m in Sources */,
				1683C3181AAADE9300C139CF /* DetailViewController.m in Sources */,
				1683C3421AAC49FC00C139CF /* SwitchTableViewController.m in Sources */,
				1683C35B1AAC503E00C139CF /* AFHTTPSessionManager.m in Sources */,
				164312161AB67DA000DFEA7D /* SwitchCell.m in Sources */,
				1683C33A1AAADF7E00C139CF /* TestViewController.m in Sources */,
				1683C35C1AAC503E00C139CF /* AFNetworkReachabilityManager.m in Sources */,
				164311FF1AB2EA0800DFEA7D /* CoreDataAdaptor.m in Sources */,
				1683C35A1AAC503E00C139CF /* AFHTTPRequestOperationManager.m in Sources */,
				164312191AB6BB6700DFEA7D /* CoreDateTypeUtility.m in Sources */,
				16AE83D21AB7D23400F3FE63 /* StereoCommandControl.m in Sources */,
				16AE83D81AB9A12E00F3FE63 /* StereoViewController.m in Sources */,
				16B5E2101ABD602600D098B3 /* FakeSocketFactory.m in Sources */,
			);
			runOnlyForDeploymentPostprocessing = 0;
		};
		1683C3211AAADE9300C139CF /* Sources */ = {
			isa = PBXSourcesBuildPhase;
			buildActionMask = 2147483647;
			files = (
				1683C32C1AAADE9300C139CF /* DeviceManagerPadTests.m in Sources */,
			);
			runOnlyForDeploymentPostprocessing = 0;
		};
/* End PBXSourcesBuildPhase section */

/* Begin PBXTargetDependency section */
		1683C3271AAADE9300C139CF /* PBXTargetDependency */ = {
			isa = PBXTargetDependency;
			target = 1683C3081AAADE9300C139CF /* DeviceManagerPad */;
			targetProxy = 1683C3261AAADE9300C139CF /* PBXContainerItemProxy */;
		};
/* End PBXTargetDependency section */

/* Begin PBXVariantGroup section */
		1683C3191AAADE9300C139CF /* Main.storyboard */ = {
			isa = PBXVariantGroup;
			children = (
				1683C31A1AAADE9300C139CF /* Base */,
			);
			name = Main.storyboard;
			sourceTree = "<group>";
		};
		1683C31E1AAADE9300C139CF /* LaunchScreen.xib */ = {
			isa = PBXVariantGroup;
			children = (
				1683C31F1AAADE9300C139CF /* Base */,
			);
			name = LaunchScreen.xib;
			sourceTree = "<group>";
		};
/* End PBXVariantGroup section */

/* Begin XCBuildConfiguration section */
		1683C32D1AAADE9300C139CF /* Debug */ = {
			isa = XCBuildConfiguration;
			buildSettings = {
				ALWAYS_SEARCH_USER_PATHS = NO;
				CLANG_CXX_LANGUAGE_STANDARD = "gnu++0x";
				CLANG_CXX_LIBRARY = "libc++";
				CLANG_ENABLE_MODULES = YES;
				CLANG_ENABLE_OBJC_ARC = YES;
				CLANG_WARN_BOOL_CONVERSION = YES;
				CLANG_WARN_CONSTANT_CONVERSION = YES;
				CLANG_WARN_DIRECT_OBJC_ISA_USAGE = YES_ERROR;
				CLANG_WARN_EMPTY_BODY = YES;
				CLANG_WARN_ENUM_CONVERSION = YES;
				CLANG_WARN_INT_CONVERSION = YES;
				CLANG_WARN_OBJC_ROOT_CLASS = YES_ERROR;
				CLANG_WARN_UNREACHABLE_CODE = YES;
				CLANG_WARN__DUPLICATE_METHOD_MATCH = YES;
				"CODE_SIGN_IDENTITY[sdk=iphoneos*]" = "iPhone Developer";
				COPY_PHASE_STRIP = NO;
				ENABLE_STRICT_OBJC_MSGSEND = YES;
				GCC_C_LANGUAGE_STANDARD = gnu99;
				GCC_DYNAMIC_NO_PIC = NO;
				GCC_OPTIMIZATION_LEVEL = 0;
				GCC_PREPROCESSOR_DEFINITIONS = (
					"DEBUG=1",
					"$(inherited)",
				);
				GCC_SYMBOLS_PRIVATE_EXTERN = NO;
				GCC_WARN_64_TO_32_BIT_CONVERSION = YES;
				GCC_WARN_ABOUT_RETURN_TYPE = YES_ERROR;
				GCC_WARN_UNDECLARED_SELECTOR = YES;
				GCC_WARN_UNINITIALIZED_AUTOS = YES_AGGRESSIVE;
				GCC_WARN_UNUSED_FUNCTION = YES;
				GCC_WARN_UNUSED_VARIABLE = YES;
				IPHONEOS_DEPLOYMENT_TARGET = 8.1;
				MTL_ENABLE_DEBUG_INFO = YES;
				ONLY_ACTIVE_ARCH = YES;
				SDKROOT = iphoneos;
				TARGETED_DEVICE_FAMILY = 2;
			};
			name = Debug;
		};
		1683C32E1AAADE9300C139CF /* Release */ = {
			isa = XCBuildConfiguration;
			buildSettings = {
				ALWAYS_SEARCH_USER_PATHS = NO;
				CLANG_CXX_LANGUAGE_STANDARD = "gnu++0x";
				CLANG_CXX_LIBRARY = "libc++";
				CLANG_ENABLE_MODULES = YES;
				CLANG_ENABLE_OBJC_ARC = YES;
				CLANG_WARN_BOOL_CONVERSION = YES;
				CLANG_WARN_CONSTANT_CONVERSION = YES;
				CLANG_WARN_DIRECT_OBJC_ISA_USAGE = YES_ERROR;
				CLANG_WARN_EMPTY_BODY = YES;
				CLANG_WARN_ENUM_CONVERSION = YES;
				CLANG_WARN_INT_CONVERSION = YES;
				CLANG_WARN_OBJC_ROOT_CLASS = YES_ERROR;
				CLANG_WARN_UNREACHABLE_CODE = YES;
				CLANG_WARN__DUPLICATE_METHOD_MATCH = YES;
				"CODE_SIGN_IDENTITY[sdk=iphoneos*]" = "iPhone Developer";
				COPY_PHASE_STRIP = YES;
				ENABLE_NS_ASSERTIONS = NO;
				ENABLE_STRICT_OBJC_MSGSEND = YES;
				GCC_C_LANGUAGE_STANDARD = gnu99;
				GCC_WARN_64_TO_32_BIT_CONVERSION = YES;
				GCC_WARN_ABOUT_RETURN_TYPE = YES_ERROR;
				GCC_WARN_UNDECLARED_SELECTOR = YES;
				GCC_WARN_UNINITIALIZED_AUTOS = YES_AGGRESSIVE;
				GCC_WARN_UNUSED_FUNCTION = YES;
				GCC_WARN_UNUSED_VARIABLE = YES;
				IPHONEOS_DEPLOYMENT_TARGET = 8.1;
				MTL_ENABLE_DEBUG_INFO = NO;
				SDKROOT = iphoneos;
				TARGETED_DEVICE_FAMILY = 2;
				VALIDATE_PRODUCT = YES;
			};
			name = Release;
		};
		1683C3301AAADE9300C139CF /* Debug */ = {
			isa = XCBuildConfiguration;
			buildSettings = {
				ASSETCATALOG_COMPILER_APPICON_NAME = AppIcon;
				INFOPLIST_FILE = DeviceManagerPad/Info.plist;
				IPHONEOS_DEPLOYMENT_TARGET = 8.0;
				LD_RUNPATH_SEARCH_PATHS = "$(inherited) @executable_path/Frameworks";
				PRODUCT_NAME = "设备管家";
			};
			name = Debug;
		};
		1683C3311AAADE9300C139CF /* Release */ = {
			isa = XCBuildConfiguration;
			buildSettings = {
				ASSETCATALOG_COMPILER_APPICON_NAME = AppIcon;
				INFOPLIST_FILE = DeviceManagerPad/Info.plist;
				IPHONEOS_DEPLOYMENT_TARGET = 8.0;
				LD_RUNPATH_SEARCH_PATHS = "$(inherited) @executable_path/Frameworks";
				PRODUCT_NAME = "设备管家";
			};
			name = Release;
		};
		1683C3331AAADE9300C139CF /* Debug */ = {
			isa = XCBuildConfiguration;
			buildSettings = {
				BUNDLE_LOADER = "$(TEST_HOST)";
				FRAMEWORK_SEARCH_PATHS = (
					"$(SDKROOT)/Developer/Library/Frameworks",
					"$(inherited)",
				);
				GCC_PREPROCESSOR_DEFINITIONS = (
					"DEBUG=1",
					"$(inherited)",
				);
				INFOPLIST_FILE = DeviceManagerPadTests/Info.plist;
				LD_RUNPATH_SEARCH_PATHS = "$(inherited) @executable_path/Frameworks @loader_path/Frameworks";
				PRODUCT_NAME = "$(TARGET_NAME)";
				TEST_HOST = "$(BUILT_PRODUCTS_DIR)/DeviceManagerPad.app/DeviceManagerPad";
			};
			name = Debug;
		};
		1683C3341AAADE9300C139CF /* Release */ = {
			isa = XCBuildConfiguration;
			buildSettings = {
				BUNDLE_LOADER = "$(TEST_HOST)";
				FRAMEWORK_SEARCH_PATHS = (
					"$(SDKROOT)/Developer/Library/Frameworks",
					"$(inherited)",
				);
				INFOPLIST_FILE = DeviceManagerPadTests/Info.plist;
				LD_RUNPATH_SEARCH_PATHS = "$(inherited) @executable_path/Frameworks @loader_path/Frameworks";
				PRODUCT_NAME = "$(TARGET_NAME)";
				TEST_HOST = "$(BUILT_PRODUCTS_DIR)/DeviceManagerPad.app/DeviceManagerPad";
			};
			name = Release;
		};
/* End XCBuildConfiguration section */

/* Begin XCConfigurationList section */
		1683C3041AAADE9300C139CF /* Build configuration list for PBXProject "DeviceManagerPad" */ = {
			isa = XCConfigurationList;
			buildConfigurations = (
				1683C32D1AAADE9300C139CF /* Debug */,
				1683C32E1AAADE9300C139CF /* Release */,
			);
			defaultConfigurationIsVisible = 0;
			defaultConfigurationName = Release;
		};
		1683C32F1AAADE9300C139CF /* Build configuration list for PBXNativeTarget "DeviceManagerPad" */ = {
			isa = XCConfigurationList;
			buildConfigurations = (
				1683C3301AAADE9300C139CF /* Debug */,
				1683C3311AAADE9300C139CF /* Release */,
			);
			defaultConfigurationIsVisible = 0;
			defaultConfigurationName = Release;
		};
		1683C3321AAADE9300C139CF /* Build configuration list for PBXNativeTarget "DeviceManagerPadTests" */ = {
			isa = XCConfigurationList;
			buildConfigurations = (
				1683C3331AAADE9300C139CF /* Debug */,
				1683C3341AAADE9300C139CF /* Release */,
			);
			defaultConfigurationIsVisible = 0;
			defaultConfigurationName = Release;
		};
/* End XCConfigurationList section */

/* Begin XCVersionGroup section */
		164312071AB56CE000DFEA7D /* CoreDataModel.xcdatamodeld */ = {
			isa = XCVersionGroup;
			children = (
				164312081AB56CE000DFEA7D /* CoreDataModel.xcdatamodel */,
			);
			currentVersion = 164312081AB56CE000DFEA7D /* CoreDataModel.xcdatamodel */;
			name = CoreDataModel.xcdatamodeld;
			path = Model/DB/CoreDataModel.xcdatamodeld;
			sourceTree = "<group>";
			versionGroupType = wrapper.xcdatamodel;
		};
/* End XCVersionGroup section */
	};
	rootObject = 1683C3011AAADE9300C139CF /* Project object */;
}
